
Microsoft Visual Studio Solution File, Format Version 12.00
# Visual Studio Version 16
VisualStudioVersion = 16.0.32901.82
MinimumVisualStudioVersion = 10.0.40219.1
Project("{FAE04EC0-301F-11D3-BF4B-00C04F79EFBC}") = "DroneDeliveryService", "DroneDeliveryService\DroneDeliveryService.csproj", "{4BE87B89-C185-437E-8F43-87142E0B18C8}"
EndProject
Project("{FAE04EC0-301F-11D3-BF4B-00C04F79EFBC}") = "DroneDeliveryService.Tests", "DroneDeliveryService.Tests\DroneDeliveryService.Tests.csproj", "{AF369BA9-C08A-4ACD-AEE1-382076ED06C6}"
EndProject
Global
	GlobalSection(SolutionConfigurationPlatforms) = preSolution
		Debug|Any CPU = Debug|Any CPU
		Release|Any CPU = Release|Any CPU
	EndGlobalSection
	GlobalSection(ProjectConfigurationPlatforms) = postSolution
		{4BE87B89-C185-437E-8F43-87142E0B18C8}.Debug|Any CPU.ActiveCfg = Debug|Any CPU
		{4BE87B89-C185-437E-8F43-87142E0B18C8}.Debug|Any CPU.Build.0 = Debug|Any CPU
		{4BE87B89-C185-437E-8F43-87142E0B18C8}.Release|Any CPU.ActiveCfg = Release|Any CPU
		{4BE87B89-C185-437E-8F43-87142E0B18C8}.Release|Any CPU.Build.0 = Release|Any CPU
		{AF369BA9-C08A-4ACD-AEE1-382076ED06C6}.Debug|Any CPU.ActiveCfg = Debug|Any CPU
		{AF369BA9-C08A-4ACD-AEE1-382076ED06C6}.Debug|Any CPU.Build.0 = Debug|Any CPU
		{AF369BA9-C08A-4ACD-AEE1-382076ED06C6}.Release|Any CPU.ActiveCfg = Release|Any CPU
		{AF369BA9-C08A-4ACD-AEE1-382076ED06C6}.Release|Any CPU.Build.0 = Release|Any CPU
	EndGlobalSection
	GlobalSection(SolutionProperties) = preSolution
		HideSolutionNode = FALSE
	EndGlobalSection
	GlobalSection(ExtensibilityGlobals) = postSolution
		SolutionGuid = {0344B418-24B3-4F5A-B43D-E59B99DAE66D}
	EndGlobalSection
EndGlobal
